// !$*UTF8*$!
{
	archiveVersion = 1;
	classes = {
	};
	objectVersion = 51;
	objects = {

/* Begin PBXBuildFile section */
		04E75FEB6DDC21F46B83A338 /* Pods_LoodosApp.framework in Frameworks */ = {isa = PBXBuildFile; fileRef = 9B3EA6D7CC03C01C48983E25 /* Pods_LoodosApp.framework */; };
		F847223325C154870069F726 /* Connection.swift in Sources */ = {isa = PBXBuildFile; fileRef = F847223225C154870069F726 /* Connection.swift */; };
		F847223825C1554C0069F726 /* Extension.swift in Sources */ = {isa = PBXBuildFile; fileRef = F847223725C1554C0069F726 /* Extension.swift */; };
		F847224025C15B680069F726 /* Request.swift in Sources */ = {isa = PBXBuildFile; fileRef = F847223F25C15B680069F726 /* Request.swift */; };
		F847224525C15BF40069F726 /* ResponseModel.swift in Sources */ = {isa = PBXBuildFile; fileRef = F847224425C15BF40069F726 /* ResponseModel.swift */; };
		F847224F25C15DCD0069F726 /* Constants.swift in Sources */ = {isa = PBXBuildFile; fileRef = F847224E25C15DCD0069F726 /* Constants.swift */; };
		F847225725C16A7B0069F726 /* MovieTableViewCell.swift in Sources */ = {isa = PBXBuildFile; fileRef = F847225625C16A7B0069F726 /* MovieTableViewCell.swift */; };
		F847227125C1820A0069F726 /* MovieDetailViewController.swift in Sources */ = {isa = PBXBuildFile; fileRef = F847227025C1820A0069F726 /* MovieDetailViewController.swift */; };
		F847227525C1C8870069F726 /* GoogleService-Info.plist in Resources */ = {isa = PBXBuildFile; fileRef = F847227425C1C8870069F726 /* GoogleService-Info.plist */; };
		F8A6809D25C4173F00189BDE /* MovieDetailModel.swift in Sources */ = {isa = PBXBuildFile; fileRef = F8A6809C25C4173F00189BDE /* MovieDetailModel.swift */; };
		F8A680A025C4174F00189BDE /* MovieDetailRequest.swift in Sources */ = {isa = PBXBuildFile; fileRef = F8A6809F25C4174F00189BDE /* MovieDetailRequest.swift */; };
		F8F03ADF25C152B8005E3727 /* AppDelegate.swift in Sources */ = {isa = PBXBuildFile; fileRef = F8F03ADE25C152B8005E3727 /* AppDelegate.swift */; };
		F8F03AE125C152B8005E3727 /* SceneDelegate.swift in Sources */ = {isa = PBXBuildFile; fileRef = F8F03AE025C152B8005E3727 /* SceneDelegate.swift */; };
		F8F03AE325C152B8005E3727 /* ViewController.swift in Sources */ = {isa = PBXBuildFile; fileRef = F8F03AE225C152B8005E3727 /* ViewController.swift */; };
		F8F03AE625C152B8005E3727 /* Main.storyboard in Resources */ = {isa = PBXBuildFile; fileRef = F8F03AE425C152B8005E3727 /* Main.storyboard */; };
		F8F03AE825C152BB005E3727 /* Assets.xcassets in Resources */ = {isa = PBXBuildFile; fileRef = F8F03AE725C152BB005E3727 /* Assets.xcassets */; };
		F8F03AEB25C152BB005E3727 /* LaunchScreen.storyboard in Resources */ = {isa = PBXBuildFile; fileRef = F8F03AE925C152BB005E3727 /* LaunchScreen.storyboard */; };
/* End PBXBuildFile section */

/* Begin PBXFileReference section */
		37F62D303E1A1A0AC0DD7481 /* Pods-LoodosApp.release.xcconfig */ = {isa = PBXFileReference; includeInIndex = 1; lastKnownFileType = text.xcconfig; name = "Pods-LoodosApp.release.xcconfig"; path = "Target Support Files/Pods-LoodosApp/Pods-LoodosApp.release.xcconfig"; sourceTree = "<group>"; };
		9B3EA6D7CC03C01C48983E25 /* Pods_LoodosApp.framework */ = {isa = PBXFileReference; explicitFileType = wrapper.framework; includeInIndex = 0; path = Pods_LoodosApp.framework; sourceTree = BUILT_PRODUCTS_DIR; };
		AD11EB92B0ED5E26E68E9C6E /* Pods-LoodosApp.debug.xcconfig */ = {isa = PBXFileReference; includeInIndex = 1; lastKnownFileType = text.xcconfig; name = "Pods-LoodosApp.debug.xcconfig"; path = "Target Support Files/Pods-LoodosApp/Pods-LoodosApp.debug.xcconfig"; sourceTree = "<group>"; };
		F847223225C154870069F726 /* Connection.swift */ = {isa = PBXFileReference; lastKnownFileType = sourcecode.swift; path = Connection.swift; sourceTree = "<group>"; };
		F847223725C1554C0069F726 /* Extension.swift */ = {isa = PBXFileReference; lastKnownFileType = sourcecode.swift; path = Extension.swift; sourceTree = "<group>"; };
		F847223F25C15B680069F726 /* Request.swift */ = {isa = PBXFileReference; lastKnownFileType = sourcecode.swift; path = Request.swift; sourceTree = "<group>"; };
		F847224425C15BF40069F726 /* ResponseModel.swift */ = {isa = PBXFileReference; lastKnownFileType = sourcecode.swift; path = ResponseModel.swift; sourceTree = "<group>"; };
		F847224E25C15DCD0069F726 /* Constants.swift */ = {isa = PBXFileReference; lastKnownFileType = sourcecode.swift; path = Constants.swift; sourceTree = "<group>"; };
		F847225225C15ED20069F726 /* Alamofire.swift */ = {isa = PBXFileReference; lastKnownFileType = sourcecode.swift; name = Alamofire.swift; path = Pods/Alamofire/Source/Alamofire.swift; sourceTree = "<group>"; };
		F847225625C16A7B0069F726 /* MovieTableViewCell.swift */ = {isa = PBXFileReference; lastKnownFileType = sourcecode.swift; path = MovieTableViewCell.swift; sourceTree = "<group>"; };
		F847227025C1820A0069F726 /* MovieDetailViewController.swift */ = {isa = PBXFileReference; lastKnownFileType = sourcecode.swift; path = MovieDetailViewController.swift; sourceTree = "<group>"; };
		F847227425C1C8870069F726 /* GoogleService-Info.plist */ = {isa = PBXFileReference; fileEncoding = 4; lastKnownFileType = text.plist.xml; name = "GoogleService-Info.plist"; path = "../../../Downloads/GoogleService-Info.plist"; sourceTree = "<group>"; };
		F8A6809C25C4173F00189BDE /* MovieDetailModel.swift */ = {isa = PBXFileReference; lastKnownFileType = sourcecode.swift; path = MovieDetailModel.swift; sourceTree = "<group>"; };
		F8A6809F25C4174F00189BDE /* MovieDetailRequest.swift */ = {isa = PBXFileReference; lastKnownFileType = sourcecode.swift; path = MovieDetailRequest.swift; sourceTree = "<group>"; };
		F8F03ADB25C152B8005E3727 /* LoodosApp.app */ = {isa = PBXFileReference; explicitFileType = wrapper.application; includeInIndex = 0; path = LoodosApp.app; sourceTree = BUILT_PRODUCTS_DIR; };
		F8F03ADE25C152B8005E3727 /* AppDelegate.swift */ = {isa = PBXFileReference; lastKnownFileType = sourcecode.swift; path = AppDelegate.swift; sourceTree = "<group>"; };
		F8F03AE025C152B8005E3727 /* SceneDelegate.swift */ = {isa = PBXFileReference; lastKnownFileType = sourcecode.swift; path = SceneDelegate.swift; sourceTree = "<group>"; };
		F8F03AE225C152B8005E3727 /* ViewController.swift */ = {isa = PBXFileReference; lastKnownFileType = sourcecode.swift; path = ViewController.swift; sourceTree = "<group>"; };
		F8F03AE525C152B8005E3727 /* Base */ = {isa = PBXFileReference; lastKnownFileType = file.storyboard; name = Base; path = Base.lproj/Main.storyboard; sourceTree = "<group>"; };
		F8F03AE725C152BB005E3727 /* Assets.xcassets */ = {isa = PBXFileReference; lastKnownFileType = folder.assetcatalog; path = Assets.xcassets; sourceTree = "<group>"; };
		F8F03AEA25C152BB005E3727 /* Base */ = {isa = PBXFileReference; lastKnownFileType = file.storyboard; name = Base; path = Base.lproj/LaunchScreen.storyboard; sourceTree = "<group>"; };
		F8F03AEC25C152BB005E3727 /* Info.plist */ = {isa = PBXFileReference; lastKnownFileType = text.plist.xml; path = Info.plist; sourceTree = "<group>"; };
/* End PBXFileReference section */

/* Begin PBXFrameworksBuildPhase section */
		F8F03AD825C152B8005E3727 /* Frameworks */ = {
			isa = PBXFrameworksBuildPhase;
			buildActionMask = 2147483647;
			files = (
				04E75FEB6DDC21F46B83A338 /* Pods_LoodosApp.framework in Frameworks */,
			);
			runOnlyForDeploymentPostprocessing = 0;
		};
/* End PBXFrameworksBuildPhase section */

/* Begin PBXGroup section */
		04D29F49ADD20770EF4B3188 /* Pods */ = {
			isa = PBXGroup;
			children = (
				AD11EB92B0ED5E26E68E9C6E /* Pods-LoodosApp.debug.xcconfig */,
				37F62D303E1A1A0AC0DD7481 /* Pods-LoodosApp.release.xcconfig */,
			);
			path = Pods;
			sourceTree = "<group>";
		};
		36DF13D89E0739B29100D4B8 /* Frameworks */ = {
			isa = PBXGroup;
			children = (
				9B3EA6D7CC03C01C48983E25 /* Pods_LoodosApp.framework */,
			);
			name = Frameworks;
			sourceTree = "<group>";
		};
		F847223125C1547C0069F726 /* Network */ = {
			isa = PBXGroup;
			children = (
				F847223225C154870069F726 /* Connection.swift */,
				F847223F25C15B680069F726 /* Request.swift */,
				F8A6809F25C4174F00189BDE /* MovieDetailRequest.swift */,
			);
			path = Network;
			sourceTree = "<group>";
		};
		F847223625C1553C0069F726 /* Extension */ = {
			isa = PBXGroup;
			children = (
				F847223725C1554C0069F726 /* Extension.swift */,
			);
			path = Extension;
			sourceTree = "<group>";
		};
		F847224325C15BE90069F726 /* Model */ = {
			isa = PBXGroup;
			children = (
				F847224425C15BF40069F726 /* ResponseModel.swift */,
				F8A6809C25C4173F00189BDE /* MovieDetailModel.swift */,
			);
			path = Model;
			sourceTree = "<group>";
		};
		F8F03AD225C152B8005E3727 = {
			isa = PBXGroup;
			children = (
				F847225225C15ED20069F726 /* Alamofire.swift */,
				F8F03ADD25C152B8005E3727 /* LoodosApp */,
				F8F03ADC25C152B8005E3727 /* Products */,
				04D29F49ADD20770EF4B3188 /* Pods */,
				36DF13D89E0739B29100D4B8 /* Frameworks */,
			);
			sourceTree = "<group>";
		};
		F8F03ADC25C152B8005E3727 /* Products */ = {
			isa = PBXGroup;
			children = (
				F8F03ADB25C152B8005E3727 /* LoodosApp.app */,
			);
			name = Products;
			sourceTree = "<group>";
		};
		F8F03ADD25C152B8005E3727 /* LoodosApp */ = {
			isa = PBXGroup;
			children = (
				F8F03ADE25C152B8005E3727 /* AppDelegate.swift */,
				F8F03AE025C152B8005E3727 /* SceneDelegate.swift */,
				F847224325C15BE90069F726 /* Model */,
				F847223625C1553C0069F726 /* Extension */,
				F847223125C1547C0069F726 /* Network */,
				F8F03AE225C152B8005E3727 /* ViewController.swift */,
				F847227025C1820A0069F726 /* MovieDetailViewController.swift */,
				F847225625C16A7B0069F726 /* MovieTableViewCell.swift */,
				F8F03AE425C152B8005E3727 /* Main.storyboard */,
				F847224E25C15DCD0069F726 /* Constants.swift */,
				F8F03AE725C152BB005E3727 /* Assets.xcassets */,
				F8F03AE925C152BB005E3727 /* LaunchScreen.storyboard */,
				F847227425C1C8870069F726 /* GoogleService-Info.plist */,
				F8F03AEC25C152BB005E3727 /* Info.plist */,
			);
			path = LoodosApp;
			sourceTree = "<group>";
		};
/* End PBXGroup section */

/* Begin PBXNativeTarget section */
		F8F03ADA25C152B8005E3727 /* LoodosApp */ = {
			isa = PBXNativeTarget;
			buildConfigurationList = F8F03AEF25C152BB005E3727 /* Build configuration list for PBXNativeTarget "LoodosApp" */;
			buildPhases = (
				B3C075D5C62B5501847DAD86 /* [CP] Check Pods Manifest.lock */,
				F8F03AD725C152B8005E3727 /* Sources */,
				F8F03AD825C152B8005E3727 /* Frameworks */,
				F8F03AD925C152B8005E3727 /* Resources */,
				29E168C83137D08293BCA2A8 /* [CP] Embed Pods Frameworks */,
			);
			buildRules = (
			);
			dependencies = (
			);
			name = LoodosApp;
			productName = LoodosApp;
			productReference = F8F03ADB25C152B8005E3727 /* LoodosApp.app */;
			productType = "com.apple.product-type.application";
		};
/* End PBXNativeTarget section */

/* Begin PBXProject section */
		F8F03AD325C152B8005E3727 /* Project object */ = {
			isa = PBXProject;
			attributes = {
				LastSwiftUpdateCheck = 1230;
				LastUpgradeCheck = 1230;
				TargetAttributes = {
					F8F03ADA25C152B8005E3727 = {
						CreatedOnToolsVersion = 12.3;
					};
				};
			};
			buildConfigurationList = F8F03AD625C152B8005E3727 /* Build configuration list for PBXProject "LoodosApp" */;
			compatibilityVersion = "Xcode 9.3";
			developmentRegion = en;
			hasScannedForEncodings = 0;
			knownRegions = (
				en,
				Base,
			);
			mainGroup = F8F03AD225C152B8005E3727;
			productRefGroup = F8F03ADC25C152B8005E3727 /* Products */;
			projectDirPath = "";
			projectRoot = "";
			targets = (
				F8F03ADA25C152B8005E3727 /* LoodosApp */,
			);
		};
/* End PBXProject section */

/* Begin PBXResourcesBuildPhase section */
		F8F03AD925C152B8005E3727 /* Resources */ = {
			isa = PBXResourcesBuildPhase;
			buildActionMask = 2147483647;
			files = (
				F8F03AEB25C152BB005E3727 /* LaunchScreen.storyboard in Resources */,
				F847227525C1C8870069F726 /* GoogleService-Info.plist in Resources */,
				F8F03AE825C152BB005E3727 /* Assets.xcassets in Resources */,
				F8F03AE625C152B8005E3727 /* Main.storyboard in Resources */,
			);
			runOnlyForDeploymentPostprocessing = 0;
		};
/* End PBXResourcesBuildPhase section */

/* Begin PBXShellScriptBuildPhase section */
		29E168C83137D08293BCA2A8 /* [CP] Embed Pods Frameworks */ = {
			isa = PBXShellScriptBuildPhase;
			buildActionMask = 2147483647;
			files = (
			);
			inputFileListPaths = (
				"${PODS_ROOT}/Target Support Files/Pods-LoodosApp/Pods-LoodosApp-frameworks-${CONFIGURATION}-input-files.xcfilelist",
			);
			name = "[CP] Embed Pods Frameworks";
			outputFileListPaths = (
				"${PODS_ROOT}/Target Support Files/Pods-LoodosApp/Pods-LoodosApp-frameworks-${CONFIGURATION}-output-files.xcfilelist",
			);
			runOnlyForDeploymentPostprocessing = 0;
			shellPath = /bin/sh;
			shellScript = "\"${PODS_ROOT}/Target Support Files/Pods-LoodosApp/Pods-LoodosApp-frameworks.sh\"\n";
			showEnvVarsInLog = 0;
		};
		B3C075D5C62B5501847DAD86 /* [CP] Check Pods Manifest.lock */ = {
			isa = PBXShellScriptBuildPhase;
			buildActionMask = 2147483647;
			files = (
			);
			inputFileListPaths = (
			);
			inputPaths = (
				"${PODS_PODFILE_DIR_PATH}/Podfile.lock",
				"${PODS_ROOT}/Manifest.lock",
			);
			name = "[CP] Check Pods Manifest.lock";
			outputFileListPaths = (
			);
			outputPaths = (
				"$(DERIVED_FILE_DIR)/Pods-LoodosApp-checkManifestLockResult.txt",
			);
			runOnlyForDeploymentPostprocessing = 0;
			shellPath = /bin/sh;
			shellScript = "diff \"${PODS_PODFILE_DIR_PATH}/Podfile.lock\" \"${PODS_ROOT}/Manifest.lock\" > /dev/null\nif [ $? != 0 ] ; then\n    # print error to STDERR\n    echo \"error: The sandbox is not in sync with the Podfile.lock. Run 'pod install' or update your CocoaPods installation.\" >&2\n    exit 1\nfi\n# This output is used by Xcode 'outputs' to avoid re-running this script phase.\necho \"SUCCESS\" > \"${SCRIPT_OUTPUT_FILE_0}\"\n";
			showEnvVarsInLog = 0;
		};
/* End PBXShellScriptBuildPhase section */

/* Begin PBXSourcesBuildPhase section */
		F8F03AD725C152B8005E3727 /* Sources */ = {
			isa = PBXSourcesBuildPhase;
			buildActionMask = 2147483647;
			files = (
				F847223825C1554C0069F726 /* Extension.swift in Sources */,
				F847224025C15B680069F726 /* Request.swift in Sources */,
				F847225725C16A7B0069F726 /* MovieTableViewCell.swift in Sources */,
				F8A680A025C4174F00189BDE /* MovieDetailRequest.swift in Sources */,
				F8F03AE325C152B8005E3727 /* ViewController.swift in Sources */,
				F8F03ADF25C152B8005E3727 /* AppDelegate.swift in Sources */,
				F847224525C15BF40069F726 /* ResponseModel.swift in Sources */,
				F847227125C1820A0069F726 /* MovieDetailViewController.swift in Sources */,
				F8F03AE125C152B8005E3727 /* SceneDelegate.swift in Sources */,
				F847223325C154870069F726 /* Connection.swift in Sources */,
				F8A6809D25C4173F00189BDE /* MovieDetailModel.swift in Sources */,
				F847224F25C15DCD0069F726 /* Constants.swift in Sources */,
			);
			runOnlyForDeploymentPostprocessing = 0;
		};
/* End PBXSourcesBuildPhase section */

/* Begin PBXVariantGroup section */
		F8F03AE425C152B8005E3727 /* Main.storyboard */ = {
			isa = PBXVariantGroup;
			children = (
				F8F03AE525C152B8005E3727 /* Base */,
			);
			name = Main.storyboard;
			sourceTree = "<group>";
		};
		F8F03AE925C152BB005E3727 /* LaunchScreen.storyboard */ = {
			isa = PBXVariantGroup;
			children = (
				F8F03AEA25C152BB005E3727 /* Base */,
			);
			name = LaunchScreen.storyboard;
			sourceTree = "<group>";
		};
/* End PBXVariantGroup section */

/* Begin XCBuildConfiguration section */
		F8F03AED25C152BB005E3727 /* Debug */ = {
			isa = XCBuildConfiguration;
			buildSettings = {
				ALWAYS_SEARCH_USER_PATHS = NO;
				CLANG_ANALYZER_NONNULL = YES;
				CLANG_ANALYZER_NUMBER_OBJECT_CONVERSION = YES_AGGRESSIVE;
				CLANG_CXX_LANGUAGE_STANDARD = "gnu++14";
				CLANG_CXX_LIBRARY = "libc++";
				CLANG_ENABLE_MODULES = YES;
				CLANG_ENABLE_OBJC_ARC = YES;
				CLANG_ENABLE_OBJC_WEAK = YES;
				CLANG_WARN_BLOCK_CAPTURE_AUTORELEASING = YES;
				CLANG_WARN_BOOL_CONVERSION = YES;
				CLANG_WARN_COMMA = YES;
				CLANG_WARN_CONSTANT_CONVERSION = YES;
				CLANG_WARN_DEPRECATED_OBJC_IMPLEMENTATIONS = YES;
				CLANG_WARN_DIRECT_OBJC_ISA_USAGE = YES_ERROR;
				CLANG_WARN_DOCUMENTATION_COMMENTS = YES;
				CLANG_WARN_EMPTY_BODY = YES;
				CLANG_WARN_ENUM_CONVERSION = YES;
				CLANG_WARN_INFINITE_RECURSION = YES;
				CLANG_WARN_INT_CONVERSION = YES;
				CLANG_WARN_NON_LITERAL_NULL_CONVERSION = YES;
				CLANG_WARN_OBJC_IMPLICIT_RETAIN_SELF = YES;
				CLANG_WARN_OBJC_LITERAL_CONVERSION = YES;
				CLANG_WARN_OBJC_ROOT_CLASS = YES_ERROR;
				CLANG_WARN_QUOTED_INCLUDE_IN_FRAMEWORK_HEADER = NO;
				CLANG_WARN_RANGE_LOOP_ANALYSIS = YES;
				CLANG_WARN_STRICT_PROTOTYPES = YES;
				CLANG_WARN_SUSPICIOUS_MOVE = YES;
				CLANG_WARN_UNGUARDED_AVAILABILITY = YES_AGGRESSIVE;
				CLANG_WARN_UNREACHABLE_CODE = YES;
				CLANG_WARN__DUPLICATE_METHOD_MATCH = YES;
				COPY_PHASE_STRIP = NO;
				DEBUG_INFORMATION_FORMAT = dwarf;
				ENABLE_STRICT_OBJC_MSGSEND = YES;
				ENABLE_TESTABILITY = YES;
				GCC_C_LANGUAGE_STANDARD = gnu11;
				GCC_DYNAMIC_NO_PIC = NO;
				GCC_NO_COMMON_BLOCKS = YES;
				GCC_OPTIMIZATION_LEVEL = 0;
				GCC_PREPROCESSOR_DEFINITIONS = (
					"DEBUG=1",
					"$(inherited)",
				);
				GCC_WARN_64_TO_32_BIT_CONVERSION = YES;
				GCC_WARN_ABOUT_RETURN_TYPE = YES_ERROR;
				GCC_WARN_UNDECLARED_SELECTOR = YES;
				GCC_WARN_UNINITIALIZED_AUTOS = YES_AGGRESSIVE;
				GCC_WARN_UNUSED_FUNCTION = YES;
				GCC_WARN_UNUSED_VARIABLE = YES;
				IPHONEOS_DEPLOYMENT_TARGET = 14.3;
				MTL_ENABLE_DEBUG_INFO = INCLUDE_SOURCE;
				MTL_FAST_MATH = YES;
				ONLY_ACTIVE_ARCH = YES;
				SDKROOT = iphoneos;
				SWIFT_ACTIVE_COMPILATION_CONDITIONS = DEBUG;
				SWIFT_OPTIMIZATION_LEVEL = "-Onone";
			};
			name = Debug;
		};
		F8F03AEE25C152BB005E3727 /* Release */ = {
			isa = XCBuildConfiguration;
			buildSettings = {
				ALWAYS_SEARCH_USER_PATHS = NO;
				CLANG_ANALYZER_NONNULL = YES;
				CLANG_ANALYZER_NUMBER_OBJECT_CONVERSION = YES_AGGRESSIVE;
				CLANG_CXX_LANGUAGE_STANDARD = "gnu++14";
				CLANG_CXX_LIBRARY = "libc++";
				CLANG_ENABLE_MODULES = YES;
				CLANG_ENABLE_OBJC_ARC = YES;
				CLANG_ENABLE_OBJC_WEAK = YES;
				CLANG_WARN_BLOCK_CAPTURE_AUTORELEASING = YES;
				CLANG_WARN_BOOL_CONVERSION = YES;
				CLANG_WARN_COMMA = YES;
				CLANG_WARN_CONSTANT_CONVERSION = YES;
				CLANG_WARN_DEPRECATED_OBJC_IMPLEMENTATIONS = YES;
				CLANG_WARN_DIRECT_OBJC_ISA_USAGE = YES_ERROR;
				CLANG_WARN_DOCUMENTATION_COMMENTS = YES;
				CLANG_WARN_EMPTY_BODY = YES;
				CLANG_WARN_ENUM_CONVERSION = YES;
				CLANG_WARN_INFINITE_RECURSION = YES;
				CLANG_WARN_INT_CONVERSION = YES;
				CLANG_WARN_NON_LITERAL_NULL_CONVERSION = YES;
				CLANG_WARN_OBJC_IMPLICIT_RETAIN_SELF = YES;
				CLANG_WARN_OBJC_LITERAL_CONVERSION = YES;
				CLANG_WARN_OBJC_ROOT_CLASS = YES_ERROR;
				CLANG_WARN_QUOTED_INCLUDE_IN_FRAMEWORK_HEADER = NO;
				CLANG_WARN_RANGE_LOOP_ANALYSIS = YES;
				CLANG_WARN_STRICT_PROTOTYPES = YES;
				CLANG_WARN_SUSPICIOUS_MOVE = YES;
				CLANG_WARN_UNGUARDED_AVAILABILITY = YES_AGGRESSIVE;
				CLANG_WARN_UNREACHABLE_CODE = YES;
				CLANG_WARN__DUPLICATE_METHOD_MATCH = YES;
				COPY_PHASE_STRIP = NO;
				DEBUG_INFORMATION_FORMAT = "dwarf-with-dsym";
				ENABLE_NS_ASSERTIONS = NO;
				ENABLE_STRICT_OBJC_MSGSEND = YES;
				GCC_C_LANGUAGE_STANDARD = gnu11;
				GCC_NO_COMMON_BLOCKS = YES;
				GCC_WARN_64_TO_32_BIT_CONVERSION = YES;
				GCC_WARN_ABOUT_RETURN_TYPE = YES_ERROR;
				GCC_WARN_UNDECLARED_SELECTOR = YES;
				GCC_WARN_UNINITIALIZED_AUTOS = YES_AGGRESSIVE;
				GCC_WARN_UNUSED_FUNCTION = YES;
				GCC_WARN_UNUSED_VARIABLE = YES;
				IPHONEOS_DEPLOYMENT_TARGET = 14.3;
				MTL_ENABLE_DEBUG_INFO = NO;
				MTL_FAST_MATH = YES;
				SDKROOT = iphoneos;
				SWIFT_COMPILATION_MODE = wholemodule;
				SWIFT_OPTIMIZATION_LEVEL = "-O";
				VALIDATE_PRODUCT = YES;
			};
			name = Release;
		};
		F8F03AF025C152BB005E3727 /* Debug */ = {
			isa = XCBuildConfiguration;
			baseConfigurationReference = AD11EB92B0ED5E26E68E9C6E /* Pods-LoodosApp.debug.xcconfig */;
			buildSettings = {
				ASSETCATALOG_COMPILER_APPICON_NAME = AppIcon;
				ASSETCATALOG_COMPILER_GLOBAL_ACCENT_COLOR_NAME = AccentColor;
				CODE_SIGN_STYLE = Automatic;
				DEVELOPMENT_TEAM = NX8H3T52LG;
				INFOPLIST_FILE = LoodosApp/Info.plist;
				IPHONEOS_DEPLOYMENT_TARGET = 14.0;
				LD_RUNPATH_SEARCH_PATHS = (
					"$(inherited)",
					"@executable_path/Frameworks",
				);
				PRODUCT_BUNDLE_IDENTIFIER = com.serkanapp.LoodosApp;
				PRODUCT_NAME = "$(TARGET_NAME)";
				SWIFT_VERSION = 5.0;
				TARGETED_DEVICE_FAMILY = "1,2";
			};
			name = Debug;
		};
		F8F03AF125C152BB005E3727 /* Release */ = {
			isa = XCBuildConfiguration;
			baseConfigurationReference = 37F62D303E1A1A0AC0DD7481 /* Pods-LoodosApp.release.xcconfig */;
			buildSettings = {
				ASSETCATALOG_COMPILER_APPICON_NAME = AppIcon;
				ASSETCATALOG_COMPILER_GLOBAL_ACCENT_COLOR_NAME = AccentColor;
				CODE_SIGN_STYLE = Automatic;
				DEVELOPMENT_TEAM = NX8H3T52LG;
				INFOPLIST_FILE = LoodosApp/Info.plist;
				IPHONEOS_DEPLOYMENT_TARGET = 14.0;
				LD_RUNPATH_SEARCH_PATHS = (
					"$(inherited)",
					"@executable_path/Frameworks",
				);
				PRODUCT_BUNDLE_IDENTIFIER = com.serkanapp.LoodosApp;
				PRODUCT_NAME = "$(TARGET_NAME)";
				SWIFT_VERSION = 5.0;
				TARGETED_DEVICE_FAMILY = "1,2";
			};
			name = Release;
		};
/* End XCBuildConfiguration section */

/* Begin XCConfigurationList section */
		F8F03AD625C152B8005E3727 /* Build configuration list for PBXProject "LoodosApp" */ = {
			isa = XCConfigurationList;
			buildConfigurations = (
				F8F03AED25C152BB005E3727 /* Debug */,
				F8F03AEE25C152BB005E3727 /* Release */,
			);
			defaultConfigurationIsVisible = 0;
			defaultConfigurationName = Release;
		};
		F8F03AEF25C152BB005E3727 /* Build configuration list for PBXNativeTarget "LoodosApp" */ = {
			isa = XCConfigurationList;
			buildConfigurations = (
				F8F03AF025C152BB005E3727 /* Debug */,
				F8F03AF125C152BB005E3727 /* Release */,
			);
			defaultConfigurationIsVisible = 0;
			defaultConfigurationName = Release;
		};
/* End XCConfigurationList section */
	};
	rootObject = F8F03AD325C152B8005E3727 /* Project object */;
}
